// !$*UTF8*$!
{
	archiveVersion = 1;
	classes = {
	};
	objectVersion = 56;
	objects = {

/* Begin PBXBuildFile section */
		DE4AC2E02B8CB34800DC4425 /* AppDelegate.swift in Sources */ = {isa = PBXBuildFile; fileRef = DE4AC2DF2B8CB34800DC4425 /* AppDelegate.swift */; };
		DE4AC2E22B8CB34800DC4425 /* SceneDelegate.swift in Sources */ = {isa = PBXBuildFile; fileRef = DE4AC2E12B8CB34800DC4425 /* SceneDelegate.swift */; };
		DE4AC2E92B8CB34B00DC4425 /* Assets.xcassets in Resources */ = {isa = PBXBuildFile; fileRef = DE4AC2E82B8CB34B00DC4425 /* Assets.xcassets */; };
		DE4AC2EC2B8CB34B00DC4425 /* LaunchScreen.storyboard in Resources */ = {isa = PBXBuildFile; fileRef = DE4AC2EA2B8CB34B00DC4425 /* LaunchScreen.storyboard */; };
		DE4AC2F82B8CB99700DC4425 /* HomeTabBarController.swift in Sources */ = {isa = PBXBuildFile; fileRef = DE4AC2F72B8CB99700DC4425 /* HomeTabBarController.swift */; };
		DE4AC2FA2B8CB9CA00DC4425 /* HomeFlow.swift in Sources */ = {isa = PBXBuildFile; fileRef = DE4AC2F92B8CB9CA00DC4425 /* HomeFlow.swift */; };
		DE4AC2FE2B8CBB5F00DC4425 /* AllCountriesViewController.swift in Sources */ = {isa = PBXBuildFile; fileRef = DE4AC2FD2B8CBB5F00DC4425 /* AllCountriesViewController.swift */; };
		DE4AC3002B8CBB7E00DC4425 /* RegionalCountriesViewController.swift in Sources */ = {isa = PBXBuildFile; fileRef = DE4AC2FF2B8CBB7E00DC4425 /* RegionalCountriesViewController.swift */; };
		DE4AC3022B8CBB9200DC4425 /* AllCountriesFlow.swift in Sources */ = {isa = PBXBuildFile; fileRef = DE4AC3012B8CBB9200DC4425 /* AllCountriesFlow.swift */; };
		DE4AC3042B8CBBA800DC4425 /* RegionalCountriesFlow.swift in Sources */ = {isa = PBXBuildFile; fileRef = DE4AC3032B8CBBA800DC4425 /* RegionalCountriesFlow.swift */; };
		DE4AC3082B8CC41300DC4425 /* APIRequest.swift in Sources */ = {isa = PBXBuildFile; fileRef = DE4AC3072B8CC41300DC4425 /* APIRequest.swift */; };
		DE4AC30A2B8CC71D00DC4425 /* NetworkConstants.swift in Sources */ = {isa = PBXBuildFile; fileRef = DE4AC3092B8CC71D00DC4425 /* NetworkConstants.swift */; };
		DE4AC30C2B8CC7F100DC4425 /* APIClient.swift in Sources */ = {isa = PBXBuildFile; fileRef = DE4AC30B2B8CC7F100DC4425 /* APIClient.swift */; };
		DE4AC30F2B8CDF6A00DC4425 /* Country.swift in Sources */ = {isa = PBXBuildFile; fileRef = DE4AC30E2B8CDF6A00DC4425 /* Country.swift */; };
		DE4AC3112B8CDF8C00DC4425 /* Name.swift in Sources */ = {isa = PBXBuildFile; fileRef = DE4AC3102B8CDF8C00DC4425 /* Name.swift */; };
		DE4AC3132B8CDFA900DC4425 /* Flags.swift in Sources */ = {isa = PBXBuildFile; fileRef = DE4AC3122B8CDFA900DC4425 /* Flags.swift */; };
		DE4AC3152B8CDFBF00DC4425 /* Region.swift in Sources */ = {isa = PBXBuildFile; fileRef = DE4AC3142B8CDFBF00DC4425 /* Region.swift */; };
		DE4AC3192B8CE0C800DC4425 /* CountriesRequests.swift in Sources */ = {isa = PBXBuildFile; fileRef = DE4AC3182B8CE0C800DC4425 /* CountriesRequests.swift */; };
		DE4AC31B2B8CE16800DC4425 /* CountryAPIClientType.swift in Sources */ = {isa = PBXBuildFile; fileRef = DE4AC31A2B8CE16800DC4425 /* CountryAPIClientType.swift */; };
		F84D97C8AC2A976F7D5A423A /* Pods_rewe.framework in Frameworks */ = {isa = PBXBuildFile; fileRef = 30FCC70894B53E374306D298 /* Pods_rewe.framework */; };
/* End PBXBuildFile section */

/* Begin PBXFileReference section */
		30FCC70894B53E374306D298 /* Pods_rewe.framework */ = {isa = PBXFileReference; explicitFileType = wrapper.framework; includeInIndex = 0; path = Pods_rewe.framework; sourceTree = BUILT_PRODUCTS_DIR; };
		DE4AC2DC2B8CB34800DC4425 /* rewe.app */ = {isa = PBXFileReference; explicitFileType = wrapper.application; includeInIndex = 0; path = rewe.app; sourceTree = BUILT_PRODUCTS_DIR; };
		DE4AC2DF2B8CB34800DC4425 /* AppDelegate.swift */ = {isa = PBXFileReference; lastKnownFileType = sourcecode.swift; path = AppDelegate.swift; sourceTree = "<group>"; };
		DE4AC2E12B8CB34800DC4425 /* SceneDelegate.swift */ = {isa = PBXFileReference; lastKnownFileType = sourcecode.swift; path = SceneDelegate.swift; sourceTree = "<group>"; };
		DE4AC2E82B8CB34B00DC4425 /* Assets.xcassets */ = {isa = PBXFileReference; lastKnownFileType = folder.assetcatalog; path = Assets.xcassets; sourceTree = "<group>"; };
		DE4AC2EB2B8CB34B00DC4425 /* Base */ = {isa = PBXFileReference; lastKnownFileType = file.storyboard; name = Base; path = Base.lproj/LaunchScreen.storyboard; sourceTree = "<group>"; };
		DE4AC2ED2B8CB34B00DC4425 /* Info.plist */ = {isa = PBXFileReference; lastKnownFileType = text.plist.xml; path = Info.plist; sourceTree = "<group>"; };
		DE4AC2F72B8CB99700DC4425 /* HomeTabBarController.swift */ = {isa = PBXFileReference; lastKnownFileType = sourcecode.swift; path = HomeTabBarController.swift; sourceTree = "<group>"; };
		DE4AC2F92B8CB9CA00DC4425 /* HomeFlow.swift */ = {isa = PBXFileReference; lastKnownFileType = sourcecode.swift; path = HomeFlow.swift; sourceTree = "<group>"; };
		DE4AC2FD2B8CBB5F00DC4425 /* AllCountriesViewController.swift */ = {isa = PBXFileReference; lastKnownFileType = sourcecode.swift; path = AllCountriesViewController.swift; sourceTree = "<group>"; };
		DE4AC2FF2B8CBB7E00DC4425 /* RegionalCountriesViewController.swift */ = {isa = PBXFileReference; lastKnownFileType = sourcecode.swift; path = RegionalCountriesViewController.swift; sourceTree = "<group>"; };
		DE4AC3012B8CBB9200DC4425 /* AllCountriesFlow.swift */ = {isa = PBXFileReference; lastKnownFileType = sourcecode.swift; path = AllCountriesFlow.swift; sourceTree = "<group>"; };
		DE4AC3032B8CBBA800DC4425 /* RegionalCountriesFlow.swift */ = {isa = PBXFileReference; lastKnownFileType = sourcecode.swift; path = RegionalCountriesFlow.swift; sourceTree = "<group>"; };
		DE4AC3072B8CC41300DC4425 /* APIRequest.swift */ = {isa = PBXFileReference; lastKnownFileType = sourcecode.swift; path = APIRequest.swift; sourceTree = "<group>"; };
		DE4AC3092B8CC71D00DC4425 /* NetworkConstants.swift */ = {isa = PBXFileReference; lastKnownFileType = sourcecode.swift; path = NetworkConstants.swift; sourceTree = "<group>"; };
		DE4AC30B2B8CC7F100DC4425 /* APIClient.swift */ = {isa = PBXFileReference; lastKnownFileType = sourcecode.swift; path = APIClient.swift; sourceTree = "<group>"; };
		DE4AC30E2B8CDF6A00DC4425 /* Country.swift */ = {isa = PBXFileReference; lastKnownFileType = sourcecode.swift; path = Country.swift; sourceTree = "<group>"; };
		DE4AC3102B8CDF8C00DC4425 /* Name.swift */ = {isa = PBXFileReference; lastKnownFileType = sourcecode.swift; path = Name.swift; sourceTree = "<group>"; };
		DE4AC3122B8CDFA900DC4425 /* Flags.swift */ = {isa = PBXFileReference; lastKnownFileType = sourcecode.swift; path = Flags.swift; sourceTree = "<group>"; };
		DE4AC3142B8CDFBF00DC4425 /* Region.swift */ = {isa = PBXFileReference; lastKnownFileType = sourcecode.swift; path = Region.swift; sourceTree = "<group>"; };
		DE4AC3182B8CE0C800DC4425 /* CountriesRequests.swift */ = {isa = PBXFileReference; lastKnownFileType = sourcecode.swift; path = CountriesRequests.swift; sourceTree = "<group>"; };
		DE4AC31A2B8CE16800DC4425 /* CountryAPIClientType.swift */ = {isa = PBXFileReference; lastKnownFileType = sourcecode.swift; path = CountryAPIClientType.swift; sourceTree = "<group>"; };
		E75392DF6B0ED89981600596 /* Pods-rewe.debug.xcconfig */ = {isa = PBXFileReference; includeInIndex = 1; lastKnownFileType = text.xcconfig; name = "Pods-rewe.debug.xcconfig"; path = "Target Support Files/Pods-rewe/Pods-rewe.debug.xcconfig"; sourceTree = "<group>"; };
		F21C6FAD06B86736C5BAA771 /* Pods-rewe.release.xcconfig */ = {isa = PBXFileReference; includeInIndex = 1; lastKnownFileType = text.xcconfig; name = "Pods-rewe.release.xcconfig"; path = "Target Support Files/Pods-rewe/Pods-rewe.release.xcconfig"; sourceTree = "<group>"; };
/* End PBXFileReference section */

/* Begin PBXFrameworksBuildPhase section */
		DE4AC2D92B8CB34800DC4425 /* Frameworks */ = {
			isa = PBXFrameworksBuildPhase;
			buildActionMask = 2147483647;
			files = (
				F84D97C8AC2A976F7D5A423A /* Pods_rewe.framework in Frameworks */,
			);
			runOnlyForDeploymentPostprocessing = 0;
		};
/* End PBXFrameworksBuildPhase section */

/* Begin PBXGroup section */
		56498BD793284562FA3F940E /* Frameworks */ = {
			isa = PBXGroup;
			children = (
				30FCC70894B53E374306D298 /* Pods_rewe.framework */,
			);
			name = Frameworks;
			sourceTree = "<group>";
		};
		5AE4368A95BFDF68F55C9BB8 /* Pods */ = {
			isa = PBXGroup;
			children = (
				E75392DF6B0ED89981600596 /* Pods-rewe.debug.xcconfig */,
				F21C6FAD06B86736C5BAA771 /* Pods-rewe.release.xcconfig */,
			);
			path = Pods;
			sourceTree = "<group>";
		};
		DE4AC2D32B8CB34800DC4425 = {
			isa = PBXGroup;
			children = (
				DE4AC2DE2B8CB34800DC4425 /* rewe */,
				DE4AC2DD2B8CB34800DC4425 /* Products */,
				5AE4368A95BFDF68F55C9BB8 /* Pods */,
				56498BD793284562FA3F940E /* Frameworks */,
			);
			sourceTree = "<group>";
		};
		DE4AC2DD2B8CB34800DC4425 /* Products */ = {
			isa = PBXGroup;
			children = (
				DE4AC2DC2B8CB34800DC4425 /* rewe.app */,
			);
			name = Products;
			sourceTree = "<group>";
		};
		DE4AC2DE2B8CB34800DC4425 /* rewe */ = {
			isa = PBXGroup;
			children = (
				DE4AC2F32B8CB3A300DC4425 /* Application */,
				DE4AC2F52B8CB97A00DC4425 /* UI */,
				DE4AC30D2B8CDEE200DC4425 /* Model */,
				DE4AC3052B8CC3BA00DC4425 /* Network */,
				DE4AC2F42B8CB3BD00DC4425 /* Resources */,
			);
			path = rewe;
			sourceTree = "<group>";
		};
		DE4AC2F32B8CB3A300DC4425 /* Application */ = {
			isa = PBXGroup;
			children = (
				DE4AC2DF2B8CB34800DC4425 /* AppDelegate.swift */,
				DE4AC2E12B8CB34800DC4425 /* SceneDelegate.swift */,
				DE4AC2ED2B8CB34B00DC4425 /* Info.plist */,
			);
			path = Application;
			sourceTree = "<group>";
		};
		DE4AC2F42B8CB3BD00DC4425 /* Resources */ = {
			isa = PBXGroup;
			children = (
				DE4AC2E82B8CB34B00DC4425 /* Assets.xcassets */,
				DE4AC2EA2B8CB34B00DC4425 /* LaunchScreen.storyboard */,
			);
			path = Resources;
			sourceTree = "<group>";
		};
		DE4AC2F52B8CB97A00DC4425 /* UI */ = {
			isa = PBXGroup;
			children = (
				DE4AC2F62B8CB98200DC4425 /* Home */,
				DE4AC2FB2B8CBAFB00DC4425 /* AllCountries */,
				DE4AC2FC2B8CBB3400DC4425 /* RegionalCountries */,
			);
			path = UI;
			sourceTree = "<group>";
		};
		DE4AC2F62B8CB98200DC4425 /* Home */ = {
			isa = PBXGroup;
			children = (
				DE4AC2F92B8CB9CA00DC4425 /* HomeFlow.swift */,
				DE4AC2F72B8CB99700DC4425 /* HomeTabBarController.swift */,
			);
			path = Home;
			sourceTree = "<group>";
		};
		DE4AC2FB2B8CBAFB00DC4425 /* AllCountries */ = {
			isa = PBXGroup;
			children = (
				DE4AC3012B8CBB9200DC4425 /* AllCountriesFlow.swift */,
				DE4AC2FD2B8CBB5F00DC4425 /* AllCountriesViewController.swift */,
			);
			path = AllCountries;
			sourceTree = "<group>";
		};
		DE4AC2FC2B8CBB3400DC4425 /* RegionalCountries */ = {
			isa = PBXGroup;
			children = (
				DE4AC3032B8CBBA800DC4425 /* RegionalCountriesFlow.swift */,
				DE4AC2FF2B8CBB7E00DC4425 /* RegionalCountriesViewController.swift */,
			);
			path = RegionalCountries;
			sourceTree = "<group>";
		};
		DE4AC3052B8CC3BA00DC4425 /* Network */ = {
			isa = PBXGroup;
			children = (
				DE4AC3162B8CE09400DC4425 /* Requests */,
				DE4AC3172B8CE0A300DC4425 /* APIClients */,
				DE4AC3062B8CC3F700DC4425 /* BaseAPI */,
			);
			path = Network;
			sourceTree = "<group>";
		};
		DE4AC3062B8CC3F700DC4425 /* BaseAPI */ = {
			isa = PBXGroup;
			children = (
				DE4AC3092B8CC71D00DC4425 /* NetworkConstants.swift */,
				DE4AC3072B8CC41300DC4425 /* APIRequest.swift */,
				DE4AC30B2B8CC7F100DC4425 /* APIClient.swift */,
			);
			path = BaseAPI;
			sourceTree = "<group>";
		};
		DE4AC30D2B8CDEE200DC4425 /* Model */ = {
			isa = PBXGroup;
			children = (
				DE4AC30E2B8CDF6A00DC4425 /* Country.swift */,
				DE4AC3102B8CDF8C00DC4425 /* Name.swift */,
				DE4AC3122B8CDFA900DC4425 /* Flags.swift */,
				DE4AC3142B8CDFBF00DC4425 /* Region.swift */,
			);
			path = Model;
			sourceTree = "<group>";
		};
		DE4AC3162B8CE09400DC4425 /* Requests */ = {
			isa = PBXGroup;
			children = (
				DE4AC3182B8CE0C800DC4425 /* CountriesRequests.swift */,
			);
			path = Requests;
			sourceTree = "<group>";
		};
		DE4AC3172B8CE0A300DC4425 /* APIClients */ = {
			isa = PBXGroup;
			children = (
				DE4AC31A2B8CE16800DC4425 /* CountryAPIClientType.swift */,
			);
			path = APIClients;
			sourceTree = "<group>";
		};
/* End PBXGroup section */

/* Begin PBXNativeTarget section */
		DE4AC2DB2B8CB34800DC4425 /* rewe */ = {
			isa = PBXNativeTarget;
			buildConfigurationList = DE4AC2F02B8CB34B00DC4425 /* Build configuration list for PBXNativeTarget "rewe" */;
			buildPhases = (
				9EF654B8E8A902ACF0997AA6 /* [CP] Check Pods Manifest.lock */,
				DE4AC2D82B8CB34800DC4425 /* Sources */,
				DE4AC2D92B8CB34800DC4425 /* Frameworks */,
				DE4AC2DA2B8CB34800DC4425 /* Resources */,
				221F55E4031B73D40A22FA69 /* [CP] Embed Pods Frameworks */,
			);
			buildRules = (
			);
			dependencies = (
			);
			name = rewe;
			productName = rewe;
			productReference = DE4AC2DC2B8CB34800DC4425 /* rewe.app */;
			productType = "com.apple.product-type.application";
		};
/* End PBXNativeTarget section */

/* Begin PBXProject section */
		DE4AC2D42B8CB34800DC4425 /* Project object */ = {
			isa = PBXProject;
			attributes = {
				BuildIndependentTargetsInParallel = 1;
				LastSwiftUpdateCheck = 1430;
				LastUpgradeCheck = 1430;
				TargetAttributes = {
					DE4AC2DB2B8CB34800DC4425 = {
						CreatedOnToolsVersion = 14.3.1;
					};
				};
			};
			buildConfigurationList = DE4AC2D72B8CB34800DC4425 /* Build configuration list for PBXProject "rewe" */;
			compatibilityVersion = "Xcode 14.0";
			developmentRegion = en;
			hasScannedForEncodings = 0;
			knownRegions = (
				en,
				Base,
			);
			mainGroup = DE4AC2D32B8CB34800DC4425;
			productRefGroup = DE4AC2DD2B8CB34800DC4425 /* Products */;
			projectDirPath = "";
			projectRoot = "";
			targets = (
				DE4AC2DB2B8CB34800DC4425 /* rewe */,
			);
		};
/* End PBXProject section */

/* Begin PBXResourcesBuildPhase section */
		DE4AC2DA2B8CB34800DC4425 /* Resources */ = {
			isa = PBXResourcesBuildPhase;
			buildActionMask = 2147483647;
			files = (
				DE4AC2EC2B8CB34B00DC4425 /* LaunchScreen.storyboard in Resources */,
				DE4AC2E92B8CB34B00DC4425 /* Assets.xcassets in Resources */,
			);
			runOnlyForDeploymentPostprocessing = 0;
		};
/* End PBXResourcesBuildPhase section */

/* Begin PBXShellScriptBuildPhase section */
		221F55E4031B73D40A22FA69 /* [CP] Embed Pods Frameworks */ = {
			isa = PBXShellScriptBuildPhase;
			buildActionMask = 2147483647;
			files = (
			);
			inputFileListPaths = (
				"${PODS_ROOT}/Target Support Files/Pods-rewe/Pods-rewe-frameworks-${CONFIGURATION}-input-files.xcfilelist",
			);
			name = "[CP] Embed Pods Frameworks";
			outputFileListPaths = (
				"${PODS_ROOT}/Target Support Files/Pods-rewe/Pods-rewe-frameworks-${CONFIGURATION}-output-files.xcfilelist",
			);
			runOnlyForDeploymentPostprocessing = 0;
			shellPath = /bin/sh;
			shellScript = "\"${PODS_ROOT}/Target Support Files/Pods-rewe/Pods-rewe-frameworks.sh\"\n";
			showEnvVarsInLog = 0;
		};
		9EF654B8E8A902ACF0997AA6 /* [CP] Check Pods Manifest.lock */ = {
			isa = PBXShellScriptBuildPhase;
			buildActionMask = 2147483647;
			files = (
			);
			inputFileListPaths = (
			);
			inputPaths = (
				"${PODS_PODFILE_DIR_PATH}/Podfile.lock",
				"${PODS_ROOT}/Manifest.lock",
			);
			name = "[CP] Check Pods Manifest.lock";
			outputFileListPaths = (
			);
			outputPaths = (
				"$(DERIVED_FILE_DIR)/Pods-rewe-checkManifestLockResult.txt",
			);
			runOnlyForDeploymentPostprocessing = 0;
			shellPath = /bin/sh;
			shellScript = "diff \"${PODS_PODFILE_DIR_PATH}/Podfile.lock\" \"${PODS_ROOT}/Manifest.lock\" > /dev/null\nif [ $? != 0 ] ; then\n    # print error to STDERR\n    echo \"error: The sandbox is not in sync with the Podfile.lock. Run 'pod install' or update your CocoaPods installation.\" >&2\n    exit 1\nfi\n# This output is used by Xcode 'outputs' to avoid re-running this script phase.\necho \"SUCCESS\" > \"${SCRIPT_OUTPUT_FILE_0}\"\n";
			showEnvVarsInLog = 0;
		};
/* End PBXShellScriptBuildPhase section */

/* Begin PBXSourcesBuildPhase section */
		DE4AC2D82B8CB34800DC4425 /* Sources */ = {
			isa = PBXSourcesBuildPhase;
			buildActionMask = 2147483647;
			files = (
				DE4AC3002B8CBB7E00DC4425 /* RegionalCountriesViewController.swift in Sources */,
				DE4AC2E02B8CB34800DC4425 /* AppDelegate.swift in Sources */,
				DE4AC30A2B8CC71D00DC4425 /* NetworkConstants.swift in Sources */,
				DE4AC3152B8CDFBF00DC4425 /* Region.swift in Sources */,
				DE4AC2FE2B8CBB5F00DC4425 /* AllCountriesViewController.swift in Sources */,
				DE4AC30F2B8CDF6A00DC4425 /* Country.swift in Sources */,
				DE4AC2FA2B8CB9CA00DC4425 /* HomeFlow.swift in Sources */,
				DE4AC30C2B8CC7F100DC4425 /* APIClient.swift in Sources */,
				DE4AC2F82B8CB99700DC4425 /* HomeTabBarController.swift in Sources */,
				DE4AC3022B8CBB9200DC4425 /* AllCountriesFlow.swift in Sources */,
				DE4AC3192B8CE0C800DC4425 /* CountriesRequests.swift in Sources */,
				DE4AC3042B8CBBA800DC4425 /* RegionalCountriesFlow.swift in Sources */,
				DE4AC3082B8CC41300DC4425 /* APIRequest.swift in Sources */,
				DE4AC31B2B8CE16800DC4425 /* CountryAPIClientType.swift in Sources */,
				DE4AC3112B8CDF8C00DC4425 /* Name.swift in Sources */,
				DE4AC2E22B8CB34800DC4425 /* SceneDelegate.swift in Sources */,
				DE4AC3132B8CDFA900DC4425 /* Flags.swift in Sources */,
			);
			runOnlyForDeploymentPostprocessing = 0;
		};
/* End PBXSourcesBuildPhase section */

/* Begin PBXVariantGroup section */
		DE4AC2EA2B8CB34B00DC4425 /* LaunchScreen.storyboard */ = {
			isa = PBXVariantGroup;
			children = (
				DE4AC2EB2B8CB34B00DC4425 /* Base */,
			);
			name = LaunchScreen.storyboard;
			sourceTree = "<group>";
		};
/* End PBXVariantGroup section */

/* Begin XCBuildConfiguration section */
		DE4AC2EE2B8CB34B00DC4425 /* Debug */ = {
			isa = XCBuildConfiguration;
			buildSettings = {
				ALWAYS_SEARCH_USER_PATHS = NO;
				CLANG_ANALYZER_NONNULL = YES;
				CLANG_ANALYZER_NUMBER_OBJECT_CONVERSION = YES_AGGRESSIVE;
				CLANG_CXX_LANGUAGE_STANDARD = "gnu++20";
				CLANG_ENABLE_MODULES = YES;
				CLANG_ENABLE_OBJC_ARC = YES;
				CLANG_ENABLE_OBJC_WEAK = YES;
				CLANG_WARN_BLOCK_CAPTURE_AUTORELEASING = YES;
				CLANG_WARN_BOOL_CONVERSION = YES;
				CLANG_WARN_COMMA = YES;
				CLANG_WARN_CONSTANT_CONVERSION = YES;
				CLANG_WARN_DEPRECATED_OBJC_IMPLEMENTATIONS = YES;
				CLANG_WARN_DIRECT_OBJC_ISA_USAGE = YES_ERROR;
				CLANG_WARN_DOCUMENTATION_COMMENTS = YES;
				CLANG_WARN_EMPTY_BODY = YES;
				CLANG_WARN_ENUM_CONVERSION = YES;
				CLANG_WARN_INFINITE_RECURSION = YES;
				CLANG_WARN_INT_CONVERSION = YES;
				CLANG_WARN_NON_LITERAL_NULL_CONVERSION = YES;
				CLANG_WARN_OBJC_IMPLICIT_RETAIN_SELF = YES;
				CLANG_WARN_OBJC_LITERAL_CONVERSION = YES;
				CLANG_WARN_OBJC_ROOT_CLASS = YES_ERROR;
				CLANG_WARN_QUOTED_INCLUDE_IN_FRAMEWORK_HEADER = YES;
				CLANG_WARN_RANGE_LOOP_ANALYSIS = YES;
				CLANG_WARN_STRICT_PROTOTYPES = YES;
				CLANG_WARN_SUSPICIOUS_MOVE = YES;
				CLANG_WARN_UNGUARDED_AVAILABILITY = YES_AGGRESSIVE;
				CLANG_WARN_UNREACHABLE_CODE = YES;
				CLANG_WARN__DUPLICATE_METHOD_MATCH = YES;
				COPY_PHASE_STRIP = NO;
				DEBUG_INFORMATION_FORMAT = dwarf;
				ENABLE_STRICT_OBJC_MSGSEND = YES;
				ENABLE_TESTABILITY = YES;
				GCC_C_LANGUAGE_STANDARD = gnu11;
				GCC_DYNAMIC_NO_PIC = NO;
				GCC_NO_COMMON_BLOCKS = YES;
				GCC_OPTIMIZATION_LEVEL = 0;
				GCC_PREPROCESSOR_DEFINITIONS = (
					"DEBUG=1",
					"$(inherited)",
				);
				GCC_WARN_64_TO_32_BIT_CONVERSION = YES;
				GCC_WARN_ABOUT_RETURN_TYPE = YES_ERROR;
				GCC_WARN_UNDECLARED_SELECTOR = YES;
				GCC_WARN_UNINITIALIZED_AUTOS = YES_AGGRESSIVE;
				GCC_WARN_UNUSED_FUNCTION = YES;
				GCC_WARN_UNUSED_VARIABLE = YES;
				IPHONEOS_DEPLOYMENT_TARGET = 16.4;
				MTL_ENABLE_DEBUG_INFO = INCLUDE_SOURCE;
				MTL_FAST_MATH = YES;
				ONLY_ACTIVE_ARCH = YES;
				SDKROOT = iphoneos;
				SWIFT_ACTIVE_COMPILATION_CONDITIONS = DEBUG;
				SWIFT_OPTIMIZATION_LEVEL = "-Onone";
			};
			name = Debug;
		};
		DE4AC2EF2B8CB34B00DC4425 /* Release */ = {
			isa = XCBuildConfiguration;
			buildSettings = {
				ALWAYS_SEARCH_USER_PATHS = NO;
				CLANG_ANALYZER_NONNULL = YES;
				CLANG_ANALYZER_NUMBER_OBJECT_CONVERSION = YES_AGGRESSIVE;
				CLANG_CXX_LANGUAGE_STANDARD = "gnu++20";
				CLANG_ENABLE_MODULES = YES;
				CLANG_ENABLE_OBJC_ARC = YES;
				CLANG_ENABLE_OBJC_WEAK = YES;
				CLANG_WARN_BLOCK_CAPTURE_AUTORELEASING = YES;
				CLANG_WARN_BOOL_CONVERSION = YES;
				CLANG_WARN_COMMA = YES;
				CLANG_WARN_CONSTANT_CONVERSION = YES;
				CLANG_WARN_DEPRECATED_OBJC_IMPLEMENTATIONS = YES;
				CLANG_WARN_DIRECT_OBJC_ISA_USAGE = YES_ERROR;
				CLANG_WARN_DOCUMENTATION_COMMENTS = YES;
				CLANG_WARN_EMPTY_BODY = YES;
				CLANG_WARN_ENUM_CONVERSION = YES;
				CLANG_WARN_INFINITE_RECURSION = YES;
				CLANG_WARN_INT_CONVERSION = YES;
				CLANG_WARN_NON_LITERAL_NULL_CONVERSION = YES;
				CLANG_WARN_OBJC_IMPLICIT_RETAIN_SELF = YES;
				CLANG_WARN_OBJC_LITERAL_CONVERSION = YES;
				CLANG_WARN_OBJC_ROOT_CLASS = YES_ERROR;
				CLANG_WARN_QUOTED_INCLUDE_IN_FRAMEWORK_HEADER = YES;
				CLANG_WARN_RANGE_LOOP_ANALYSIS = YES;
				CLANG_WARN_STRICT_PROTOTYPES = YES;
				CLANG_WARN_SUSPICIOUS_MOVE = YES;
				CLANG_WARN_UNGUARDED_AVAILABILITY = YES_AGGRESSIVE;
				CLANG_WARN_UNREACHABLE_CODE = YES;
				CLANG_WARN__DUPLICATE_METHOD_MATCH = YES;
				COPY_PHASE_STRIP = NO;
				DEBUG_INFORMATION_FORMAT = "dwarf-with-dsym";
				ENABLE_NS_ASSERTIONS = NO;
				ENABLE_STRICT_OBJC_MSGSEND = YES;
				GCC_C_LANGUAGE_STANDARD = gnu11;
				GCC_NO_COMMON_BLOCKS = YES;
				GCC_WARN_64_TO_32_BIT_CONVERSION = YES;
				GCC_WARN_ABOUT_RETURN_TYPE = YES_ERROR;
				GCC_WARN_UNDECLARED_SELECTOR = YES;
				GCC_WARN_UNINITIALIZED_AUTOS = YES_AGGRESSIVE;
				GCC_WARN_UNUSED_FUNCTION = YES;
				GCC_WARN_UNUSED_VARIABLE = YES;
				IPHONEOS_DEPLOYMENT_TARGET = 16.4;
				MTL_ENABLE_DEBUG_INFO = NO;
				MTL_FAST_MATH = YES;
				SDKROOT = iphoneos;
				SWIFT_COMPILATION_MODE = wholemodule;
				SWIFT_OPTIMIZATION_LEVEL = "-O";
				VALIDATE_PRODUCT = YES;
			};
			name = Release;
		};
		DE4AC2F12B8CB34B00DC4425 /* Debug */ = {
			isa = XCBuildConfiguration;
			baseConfigurationReference = E75392DF6B0ED89981600596 /* Pods-rewe.debug.xcconfig */;
			buildSettings = {
				ASSETCATALOG_COMPILER_APPICON_NAME = AppIcon;
				ASSETCATALOG_COMPILER_GLOBAL_ACCENT_COLOR_NAME = AccentColor;
				CODE_SIGN_STYLE = Automatic;
				CURRENT_PROJECT_VERSION = 1;
				GENERATE_INFOPLIST_FILE = YES;
				INFOPLIST_FILE = rewe/Application/Info.plist;
				INFOPLIST_KEY_UIApplicationSupportsIndirectInputEvents = YES;
				INFOPLIST_KEY_UILaunchStoryboardName = LaunchScreen;
				INFOPLIST_KEY_UIMainStoryboardFile = "";
				INFOPLIST_KEY_UISupportedInterfaceOrientations_iPad = "UIInterfaceOrientationPortrait UIInterfaceOrientationPortraitUpsideDown UIInterfaceOrientationLandscapeLeft UIInterfaceOrientationLandscapeRight";
				INFOPLIST_KEY_UISupportedInterfaceOrientations_iPhone = "UIInterfaceOrientationPortrait UIInterfaceOrientationLandscapeLeft UIInterfaceOrientationLandscapeRight";
				LD_RUNPATH_SEARCH_PATHS = (
					"$(inherited)",
					"@executable_path/Frameworks",
				);
				MARKETING_VERSION = 1.0;
				PRODUCT_BUNDLE_IDENTIFIER = com.madian.rewe;
				PRODUCT_NAME = "$(TARGET_NAME)";
				SWIFT_EMIT_LOC_STRINGS = YES;
				SWIFT_VERSION = 5.0;
				TARGETED_DEVICE_FAMILY = "1,2";
			};
			name = Debug;
		};
		DE4AC2F22B8CB34B00DC4425 /* Release */ = {
			isa = XCBuildConfiguration;
			baseConfigurationReference = F21C6FAD06B86736C5BAA771 /* Pods-rewe.release.xcconfig */;
			buildSettings = {
				ASSETCATALOG_COMPILER_APPICON_NAME = AppIcon;
				ASSETCATALOG_COMPILER_GLOBAL_ACCENT_COLOR_NAME = AccentColor;
				CODE_SIGN_STYLE = Automatic;
				CURRENT_PROJECT_VERSION = 1;
				GENERATE_INFOPLIST_FILE = YES;
				INFOPLIST_FILE = rewe/Application/Info.plist;
				INFOPLIST_KEY_UIApplicationSupportsIndirectInputEvents = YES;
				INFOPLIST_KEY_UILaunchStoryboardName = LaunchScreen;
				INFOPLIST_KEY_UIMainStoryboardFile = "";
				INFOPLIST_KEY_UISupportedInterfaceOrientations_iPad = "UIInterfaceOrientationPortrait UIInterfaceOrientationPortraitUpsideDown UIInterfaceOrientationLandscapeLeft UIInterfaceOrientationLandscapeRight";
				INFOPLIST_KEY_UISupportedInterfaceOrientations_iPhone = "UIInterfaceOrientationPortrait UIInterfaceOrientationLandscapeLeft UIInterfaceOrientationLandscapeRight";
				LD_RUNPATH_SEARCH_PATHS = (
					"$(inherited)",
					"@executable_path/Frameworks",
				);
				MARKETING_VERSION = 1.0;
				PRODUCT_BUNDLE_IDENTIFIER = com.madian.rewe;
				PRODUCT_NAME = "$(TARGET_NAME)";
				SWIFT_EMIT_LOC_STRINGS = YES;
				SWIFT_VERSION = 5.0;
				TARGETED_DEVICE_FAMILY = "1,2";
			};
			name = Release;
		};
/* End XCBuildConfiguration section */

/* Begin XCConfigurationList section */
		DE4AC2D72B8CB34800DC4425 /* Build configuration list for PBXProject "rewe" */ = {
			isa = XCConfigurationList;
			buildConfigurations = (
				DE4AC2EE2B8CB34B00DC4425 /* Debug */,
				DE4AC2EF2B8CB34B00DC4425 /* Release */,
			);
			defaultConfigurationIsVisible = 0;
			defaultConfigurationName = Release;
		};
		DE4AC2F02B8CB34B00DC4425 /* Build configuration list for PBXNativeTarget "rewe" */ = {
			isa = XCConfigurationList;
			buildConfigurations = (
				DE4AC2F12B8CB34B00DC4425 /* Debug */,
				DE4AC2F22B8CB34B00DC4425 /* Release */,
			);
			defaultConfigurationIsVisible = 0;
			defaultConfigurationName = Release;
		};
/* End XCConfigurationList section */
	};
	rootObject = DE4AC2D42B8CB34800DC4425 /* Project object */;
}
